
Microsoft Visual Studio Solution File, Format Version 12.00
# Visual Studio Version 17
VisualStudioVersion = 17.5.33424.131
MinimumVisualStudioVersion = 10.0.40219.1
Project("{FAE04EC0-301F-11D3-BF4B-00C04F79EFBC}") = "ProcessManager", "ProcessManager\ProcessManager.csproj", "{9FAB2407-CAD0-4129-BA91-DCDE65749E01}"
EndProject
Project("{9A19103F-16F7-4668-BE54-9A1E7A4F7556}") = "Writer.Contracts", "..\Writer\Writer.Contracts\Writer.Contracts.csproj", "{487B1694-3CB6-488C-ABC1-58AB5EA6BA68}"
EndProject
Global
	GlobalSection(SolutionConfigurationPlatforms) = preSolution
		Debug|Any CPU = Debug|Any CPU
		Release|Any CPU = Release|Any CPU
	EndGlobalSection
	GlobalSection(ProjectConfigurationPlatforms) = postSolution
		{9FAB2407-CAD0-4129-BA91-DCDE65749E01}.Debug|Any CPU.ActiveCfg = Debug|Any CPU
		{9FAB2407-CAD0-4129-BA91-DCDE65749E01}.Debug|Any CPU.Build.0 = Debug|Any CPU
		{9FAB2407-CAD0-4129-BA91-DCDE65749E01}.Release|Any CPU.ActiveCfg = Release|Any CPU
		{9FAB2407-CAD0-4129-BA91-DCDE65749E01}.Release|Any CPU.Build.0 = Release|Any CPU
		{487B1694-3CB6-488C-ABC1-58AB5EA6BA68}.Debug|Any CPU.ActiveCfg = Debug|Any CPU
		{487B1694-3CB6-488C-ABC1-58AB5EA6BA68}.Debug|Any CPU.Build.0 = Debug|Any CPU
		{487B1694-3CB6-488C-ABC1-58AB5EA6BA68}.Release|Any CPU.ActiveCfg = Release|Any CPU
		{487B1694-3CB6-488C-ABC1-58AB5EA6BA68}.Release|Any CPU.Build.0 = Release|Any CPU
	EndGlobalSection
	GlobalSection(SolutionProperties) = preSolution
		HideSolutionNode = FALSE
	EndGlobalSection
	GlobalSection(ExtensibilityGlobals) = postSolution
		SolutionGuid = {7D1E5FAA-2C65-46C1-876F-6F831665B2D3}
	EndGlobalSection
EndGlobal
