
Microsoft Visual Studio Solution File, Format Version 12.00
# Visual Studio Version 17
VisualStudioVersion = 17.6.33815.320
MinimumVisualStudioVersion = 10.0.40219.1
Project("{9A19103F-16F7-4668-BE54-9A1E7A4F7556}") = "EventPlanning.ServiceDefaults", "EventPlanning.ServiceDefaults\EventPlanning.ServiceDefaults.csproj", "{C43D770D-6CB2-4013-8152-4A6A73486645}"
EndProject
Project("{9A19103F-16F7-4668-BE54-9A1E7A4F7556}") = "Simplife.EventSourcing", "..\..\Simplife\src\Simplife.EventSourcing\Simplife.EventSourcing.csproj", "{EE26D422-DB46-43C6-A328-09BE5B3C44C9}"
EndProject
Project("{9A19103F-16F7-4668-BE54-9A1E7A4F7556}") = "EventPlanning.API", "EventPlanning.API\EventPlanning.API.csproj", "{BB311202-29C5-4A59-9202-DBDBEF4EAAFF}"
EndProject
Project("{9A19103F-16F7-4668-BE54-9A1E7A4F7556}") = "EventPlanning.Application", "EventPlanning.Application\EventPlanning.Application.csproj", "{CC1B3D59-140B-43B7-BFD3-FCAEC50B4585}"
EndProject
Project("{9A19103F-16F7-4668-BE54-9A1E7A4F7556}") = "EventPlanning.Domain", "EventPlanning.Domain\EventPlanning.Domain.csproj", "{D99AA270-8D72-449C-8A17-8378B7BFC8A6}"
EndProject
Project("{9A19103F-16F7-4668-BE54-9A1E7A4F7556}") = "EventPlanning.Gateway", "EventPlanning.Gateway\EventPlanning.Gateway.csproj", "{AB8F66DD-AFF6-4F00-B156-5A843659FF40}"
EndProject
Project("{9A19103F-16F7-4668-BE54-9A1E7A4F7556}") = "EventPlanning.Infrastructure", "EventPlanning.Infrastructure\EventPlanning.Infrastructure.csproj", "{CD64BFBC-332B-43A7-B6CE-0A9D01B0B040}"
EndProject
Project("{9A19103F-16F7-4668-BE54-9A1E7A4F7556}") = "EventPlanning.Tests", "EventPlanning.Tests\EventPlanning.Tests.csproj", "{3E859B73-4468-4A74-B926-075268A673A8}"
EndProject
Project("{2150E333-8FDC-42A3-9474-1A3956D46DE8}") = "Gateway", "Gateway", "{8C8EB220-C789-4A73-ABE8-1F29D45090F2}"
EndProject
Project("{2150E333-8FDC-42A3-9474-1A3956D46DE8}") = "API", "API", "{9FD51F47-F02B-459B-AD53-C093C6B41CF2}"
EndProject
Project("{2150E333-8FDC-42A3-9474-1A3956D46DE8}") = "Shared", "Shared", "{57BB4855-C760-468D-B125-599C2568B7BA}"
EndProject
Project("{9A19103F-16F7-4668-BE54-9A1E7A4F7556}") = "Simplife.Domain", "..\..\Simplife\src\Simplife.Domain\Simplife.Domain.csproj", "{C86877CF-5A0F-4324-93F7-A04E29B30D8A}"
EndProject
Project("{9A19103F-16F7-4668-BE54-9A1E7A4F7556}") = "EventPlanning.Aspire.AppHost", "EventPlanning.Aspire\EventPlanning.Aspire.AppHost.csproj", "{AA8A9B8A-1455-4012-8596-C9820B4B5C08}"
EndProject
Global
	GlobalSection(SolutionConfigurationPlatforms) = preSolution
		Debug|Any CPU = Debug|Any CPU
		Release|Any CPU = Release|Any CPU
	EndGlobalSection
	GlobalSection(ProjectConfigurationPlatforms) = postSolution
		{C43D770D-6CB2-4013-8152-4A6A73486645}.Debug|Any CPU.ActiveCfg = Debug|Any CPU
		{C43D770D-6CB2-4013-8152-4A6A73486645}.Debug|Any CPU.Build.0 = Debug|Any CPU
		{C43D770D-6CB2-4013-8152-4A6A73486645}.Release|Any CPU.ActiveCfg = Release|Any CPU
		{C43D770D-6CB2-4013-8152-4A6A73486645}.Release|Any CPU.Build.0 = Release|Any CPU
		{EE26D422-DB46-43C6-A328-09BE5B3C44C9}.Debug|Any CPU.ActiveCfg = Debug|Any CPU
		{EE26D422-DB46-43C6-A328-09BE5B3C44C9}.Debug|Any CPU.Build.0 = Debug|Any CPU
		{EE26D422-DB46-43C6-A328-09BE5B3C44C9}.Release|Any CPU.ActiveCfg = Release|Any CPU
		{EE26D422-DB46-43C6-A328-09BE5B3C44C9}.Release|Any CPU.Build.0 = Release|Any CPU
		{BB311202-29C5-4A59-9202-DBDBEF4EAAFF}.Debug|Any CPU.ActiveCfg = Debug|Any CPU
		{BB311202-29C5-4A59-9202-DBDBEF4EAAFF}.Debug|Any CPU.Build.0 = Debug|Any CPU
		{BB311202-29C5-4A59-9202-DBDBEF4EAAFF}.Release|Any CPU.ActiveCfg = Release|Any CPU
		{BB311202-29C5-4A59-9202-DBDBEF4EAAFF}.Release|Any CPU.Build.0 = Release|Any CPU
		{CC1B3D59-140B-43B7-BFD3-FCAEC50B4585}.Debug|Any CPU.ActiveCfg = Debug|Any CPU
		{CC1B3D59-140B-43B7-BFD3-FCAEC50B4585}.Debug|Any CPU.Build.0 = Debug|Any CPU
		{CC1B3D59-140B-43B7-BFD3-FCAEC50B4585}.Release|Any CPU.ActiveCfg = Release|Any CPU
		{CC1B3D59-140B-43B7-BFD3-FCAEC50B4585}.Release|Any CPU.Build.0 = Release|Any CPU
		{D99AA270-8D72-449C-8A17-8378B7BFC8A6}.Debug|Any CPU.ActiveCfg = Debug|Any CPU
		{D99AA270-8D72-449C-8A17-8378B7BFC8A6}.Debug|Any CPU.Build.0 = Debug|Any CPU
		{D99AA270-8D72-449C-8A17-8378B7BFC8A6}.Release|Any CPU.ActiveCfg = Release|Any CPU
		{D99AA270-8D72-449C-8A17-8378B7BFC8A6}.Release|Any CPU.Build.0 = Release|Any CPU
		{AB8F66DD-AFF6-4F00-B156-5A843659FF40}.Debug|Any CPU.ActiveCfg = Debug|Any CPU
		{AB8F66DD-AFF6-4F00-B156-5A843659FF40}.Debug|Any CPU.Build.0 = Debug|Any CPU
		{AB8F66DD-AFF6-4F00-B156-5A843659FF40}.Release|Any CPU.ActiveCfg = Release|Any CPU
		{AB8F66DD-AFF6-4F00-B156-5A843659FF40}.Release|Any CPU.Build.0 = Release|Any CPU
		{CD64BFBC-332B-43A7-B6CE-0A9D01B0B040}.Debug|Any CPU.ActiveCfg = Debug|Any CPU
		{CD64BFBC-332B-43A7-B6CE-0A9D01B0B040}.Debug|Any CPU.Build.0 = Debug|Any CPU
		{CD64BFBC-332B-43A7-B6CE-0A9D01B0B040}.Release|Any CPU.ActiveCfg = Release|Any CPU
		{CD64BFBC-332B-43A7-B6CE-0A9D01B0B040}.Release|Any CPU.Build.0 = Release|Any CPU
		{3E859B73-4468-4A74-B926-075268A673A8}.Debug|Any CPU.ActiveCfg = Debug|Any CPU
		{3E859B73-4468-4A74-B926-075268A673A8}.Debug|Any CPU.Build.0 = Debug|Any CPU
		{3E859B73-4468-4A74-B926-075268A673A8}.Release|Any CPU.ActiveCfg = Release|Any CPU
		{3E859B73-4468-4A74-B926-075268A673A8}.Release|Any CPU.Build.0 = Release|Any CPU
		{C86877CF-5A0F-4324-93F7-A04E29B30D8A}.Debug|Any CPU.ActiveCfg = Debug|Any CPU
		{C86877CF-5A0F-4324-93F7-A04E29B30D8A}.Debug|Any CPU.Build.0 = Debug|Any CPU
		{C86877CF-5A0F-4324-93F7-A04E29B30D8A}.Release|Any CPU.ActiveCfg = Release|Any CPU
		{C86877CF-5A0F-4324-93F7-A04E29B30D8A}.Release|Any CPU.Build.0 = Release|Any CPU
		{AA8A9B8A-1455-4012-8596-C9820B4B5C08}.Debug|Any CPU.ActiveCfg = Debug|Any CPU
		{AA8A9B8A-1455-4012-8596-C9820B4B5C08}.Debug|Any CPU.Build.0 = Debug|Any CPU
		{AA8A9B8A-1455-4012-8596-C9820B4B5C08}.Release|Any CPU.ActiveCfg = Release|Any CPU
		{AA8A9B8A-1455-4012-8596-C9820B4B5C08}.Release|Any CPU.Build.0 = Release|Any CPU
	EndGlobalSection
	GlobalSection(SolutionProperties) = preSolution
		HideSolutionNode = FALSE
	EndGlobalSection
	GlobalSection(NestedProjects) = preSolution
		{C43D770D-6CB2-4013-8152-4A6A73486645} = {57BB4855-C760-468D-B125-599C2568B7BA}
		{BB311202-29C5-4A59-9202-DBDBEF4EAAFF} = {9FD51F47-F02B-459B-AD53-C093C6B41CF2}
		{CC1B3D59-140B-43B7-BFD3-FCAEC50B4585} = {9FD51F47-F02B-459B-AD53-C093C6B41CF2}
		{D99AA270-8D72-449C-8A17-8378B7BFC8A6} = {9FD51F47-F02B-459B-AD53-C093C6B41CF2}
		{AB8F66DD-AFF6-4F00-B156-5A843659FF40} = {8C8EB220-C789-4A73-ABE8-1F29D45090F2}
		{CD64BFBC-332B-43A7-B6CE-0A9D01B0B040} = {9FD51F47-F02B-459B-AD53-C093C6B41CF2}
		{3E859B73-4468-4A74-B926-075268A673A8} = {9FD51F47-F02B-459B-AD53-C093C6B41CF2}
		{AA8A9B8A-1455-4012-8596-C9820B4B5C08} = {57BB4855-C760-468D-B125-599C2568B7BA}
	EndGlobalSection
	GlobalSection(ExtensibilityGlobals) = postSolution
		SolutionGuid = {804BF014-1E9F-4CFF-A317-5CF9458EA8CF}
	EndGlobalSection
EndGlobal
