
Microsoft Visual Studio Solution File, Format Version 12.00
# Visual Studio Version 17
VisualStudioVersion = 17.6.33815.320
MinimumVisualStudioVersion = 10.0.40219.1
Project("{9A19103F-16F7-4668-BE54-9A1E7A4F7556}") = "Simplife.EventSourcing", "..\..\Simplife\src\Simplife.EventSourcing\Simplife.EventSourcing.csproj", "{EE26D422-DB46-43C6-A328-09BE5B3C44C9}"
EndProject
Project("{2150E333-8FDC-42A3-9474-1A3956D46DE8}") = "Gateway", "Gateway", "{8C8EB220-C789-4A73-ABE8-1F29D45090F2}"
EndProject
Project("{2150E333-8FDC-42A3-9474-1A3956D46DE8}") = "Shared", "Shared", "{57BB4855-C760-468D-B125-599C2568B7BA}"
EndProject
Project("{9A19103F-16F7-4668-BE54-9A1E7A4F7556}") = "Simplife.Domain", "..\..\Simplife\src\Simplife.Domain\Simplife.Domain.csproj", "{C86877CF-5A0F-4324-93F7-A04E29B30D8A}"
EndProject
Project("{9A19103F-16F7-4668-BE54-9A1E7A4F7556}") = "Gateway", "Gateway\Gateway.csproj", "{CA0DA8D0-8442-41B6-B304-7E16273E0290}"
EndProject
Project("{9A19103F-16F7-4668-BE54-9A1E7A4F7556}") = "Aspire.AppHost", "Shared\AspireHost\Aspire.AppHost.csproj", "{EC124EE6-2AC1-4962-A1AD-EE37A154F5B0}"
EndProject
Project("{9A19103F-16F7-4668-BE54-9A1E7A4F7556}") = "ServiceDefaults", "Shared\ServiceDefaults\ServiceDefaults.csproj", "{AD26902E-0CE0-4845-860E-83AF94088BC8}"
EndProject
Project("{2150E333-8FDC-42A3-9474-1A3956D46DE8}") = "ReadModel", "ReadModel", "{49D2D9C8-35EC-49C5-8946-0535E5A08B53}"
EndProject
Project("{2150E333-8FDC-42A3-9474-1A3956D46DE8}") = "EventManagement", "EventManagement", "{B9F0702D-1AC5-4D4A-AA37-0F5514BADFF9}"
EndProject
Project("{FAE04EC0-301F-11D3-BF4B-00C04F79EFBC}") = "EventManagement.Domain", "EventManagement\EventManagement.Domain\EventManagement.Domain.csproj", "{24035A65-B2FB-4207-B57C-A6EF09007360}"
EndProject
Project("{FAE04EC0-301F-11D3-BF4B-00C04F79EFBC}") = "EventManagement.Application", "EventManagement\EventManagement.Application\EventManagement.Application.csproj", "{DEFF0268-88FD-4DF5-947E-0E842CECC508}"
EndProject
Project("{FAE04EC0-301F-11D3-BF4B-00C04F79EFBC}") = "EventManagement.Infrastructure", "EventManagement\EventManagement.Infrastructure\EventManagement.Infrastructure.csproj", "{D65BCE87-1014-4646-87ED-AA8A86AC2DE0}"
EndProject
Project("{FAE04EC0-301F-11D3-BF4B-00C04F79EFBC}") = "EventManagement.Tests", "EventManagement\EventManagement.Tests\EventManagement.Tests.csproj", "{0E5826E6-2DC1-4703-BA99-ABEBA9E4157C}"
EndProject
Project("{FAE04EC0-301F-11D3-BF4B-00C04F79EFBC}") = "EventManagement.API", "EventManagement\EventManagement.API\EventManagement.API.csproj", "{5AE96B7A-B208-4655-89A7-1EB670CD2679}"
EndProject
Global
	GlobalSection(SolutionConfigurationPlatforms) = preSolution
		Debug|Any CPU = Debug|Any CPU
		Release|Any CPU = Release|Any CPU
	EndGlobalSection
	GlobalSection(ProjectConfigurationPlatforms) = postSolution
		{EE26D422-DB46-43C6-A328-09BE5B3C44C9}.Debug|Any CPU.ActiveCfg = Debug|Any CPU
		{EE26D422-DB46-43C6-A328-09BE5B3C44C9}.Debug|Any CPU.Build.0 = Debug|Any CPU
		{EE26D422-DB46-43C6-A328-09BE5B3C44C9}.Release|Any CPU.ActiveCfg = Release|Any CPU
		{EE26D422-DB46-43C6-A328-09BE5B3C44C9}.Release|Any CPU.Build.0 = Release|Any CPU
		{C86877CF-5A0F-4324-93F7-A04E29B30D8A}.Debug|Any CPU.ActiveCfg = Debug|Any CPU
		{C86877CF-5A0F-4324-93F7-A04E29B30D8A}.Debug|Any CPU.Build.0 = Debug|Any CPU
		{C86877CF-5A0F-4324-93F7-A04E29B30D8A}.Release|Any CPU.ActiveCfg = Release|Any CPU
		{C86877CF-5A0F-4324-93F7-A04E29B30D8A}.Release|Any CPU.Build.0 = Release|Any CPU
		{CA0DA8D0-8442-41B6-B304-7E16273E0290}.Debug|Any CPU.ActiveCfg = Debug|Any CPU
		{CA0DA8D0-8442-41B6-B304-7E16273E0290}.Debug|Any CPU.Build.0 = Debug|Any CPU
		{CA0DA8D0-8442-41B6-B304-7E16273E0290}.Release|Any CPU.ActiveCfg = Release|Any CPU
		{CA0DA8D0-8442-41B6-B304-7E16273E0290}.Release|Any CPU.Build.0 = Release|Any CPU
		{EC124EE6-2AC1-4962-A1AD-EE37A154F5B0}.Debug|Any CPU.ActiveCfg = Debug|Any CPU
		{EC124EE6-2AC1-4962-A1AD-EE37A154F5B0}.Debug|Any CPU.Build.0 = Debug|Any CPU
		{EC124EE6-2AC1-4962-A1AD-EE37A154F5B0}.Release|Any CPU.ActiveCfg = Release|Any CPU
		{EC124EE6-2AC1-4962-A1AD-EE37A154F5B0}.Release|Any CPU.Build.0 = Release|Any CPU
		{AD26902E-0CE0-4845-860E-83AF94088BC8}.Debug|Any CPU.ActiveCfg = Debug|Any CPU
		{AD26902E-0CE0-4845-860E-83AF94088BC8}.Debug|Any CPU.Build.0 = Debug|Any CPU
		{AD26902E-0CE0-4845-860E-83AF94088BC8}.Release|Any CPU.ActiveCfg = Release|Any CPU
		{AD26902E-0CE0-4845-860E-83AF94088BC8}.Release|Any CPU.Build.0 = Release|Any CPU
		{24035A65-B2FB-4207-B57C-A6EF09007360}.Debug|Any CPU.ActiveCfg = Debug|Any CPU
		{24035A65-B2FB-4207-B57C-A6EF09007360}.Debug|Any CPU.Build.0 = Debug|Any CPU
		{24035A65-B2FB-4207-B57C-A6EF09007360}.Release|Any CPU.ActiveCfg = Release|Any CPU
		{24035A65-B2FB-4207-B57C-A6EF09007360}.Release|Any CPU.Build.0 = Release|Any CPU
		{DEFF0268-88FD-4DF5-947E-0E842CECC508}.Debug|Any CPU.ActiveCfg = Debug|Any CPU
		{DEFF0268-88FD-4DF5-947E-0E842CECC508}.Debug|Any CPU.Build.0 = Debug|Any CPU
		{DEFF0268-88FD-4DF5-947E-0E842CECC508}.Release|Any CPU.ActiveCfg = Release|Any CPU
		{DEFF0268-88FD-4DF5-947E-0E842CECC508}.Release|Any CPU.Build.0 = Release|Any CPU
		{D65BCE87-1014-4646-87ED-AA8A86AC2DE0}.Debug|Any CPU.ActiveCfg = Debug|Any CPU
		{D65BCE87-1014-4646-87ED-AA8A86AC2DE0}.Debug|Any CPU.Build.0 = Debug|Any CPU
		{D65BCE87-1014-4646-87ED-AA8A86AC2DE0}.Release|Any CPU.ActiveCfg = Release|Any CPU
		{D65BCE87-1014-4646-87ED-AA8A86AC2DE0}.Release|Any CPU.Build.0 = Release|Any CPU
		{0E5826E6-2DC1-4703-BA99-ABEBA9E4157C}.Debug|Any CPU.ActiveCfg = Debug|Any CPU
		{0E5826E6-2DC1-4703-BA99-ABEBA9E4157C}.Debug|Any CPU.Build.0 = Debug|Any CPU
		{0E5826E6-2DC1-4703-BA99-ABEBA9E4157C}.Release|Any CPU.ActiveCfg = Release|Any CPU
		{0E5826E6-2DC1-4703-BA99-ABEBA9E4157C}.Release|Any CPU.Build.0 = Release|Any CPU
		{5AE96B7A-B208-4655-89A7-1EB670CD2679}.Debug|Any CPU.ActiveCfg = Debug|Any CPU
		{5AE96B7A-B208-4655-89A7-1EB670CD2679}.Debug|Any CPU.Build.0 = Debug|Any CPU
		{5AE96B7A-B208-4655-89A7-1EB670CD2679}.Release|Any CPU.ActiveCfg = Release|Any CPU
		{5AE96B7A-B208-4655-89A7-1EB670CD2679}.Release|Any CPU.Build.0 = Release|Any CPU
	EndGlobalSection
	GlobalSection(SolutionProperties) = preSolution
		HideSolutionNode = FALSE
	EndGlobalSection
	GlobalSection(NestedProjects) = preSolution
		{CA0DA8D0-8442-41B6-B304-7E16273E0290} = {8C8EB220-C789-4A73-ABE8-1F29D45090F2}
		{EC124EE6-2AC1-4962-A1AD-EE37A154F5B0} = {57BB4855-C760-468D-B125-599C2568B7BA}
		{AD26902E-0CE0-4845-860E-83AF94088BC8} = {57BB4855-C760-468D-B125-599C2568B7BA}
		{24035A65-B2FB-4207-B57C-A6EF09007360} = {B9F0702D-1AC5-4D4A-AA37-0F5514BADFF9}
		{DEFF0268-88FD-4DF5-947E-0E842CECC508} = {B9F0702D-1AC5-4D4A-AA37-0F5514BADFF9}
		{D65BCE87-1014-4646-87ED-AA8A86AC2DE0} = {B9F0702D-1AC5-4D4A-AA37-0F5514BADFF9}
		{0E5826E6-2DC1-4703-BA99-ABEBA9E4157C} = {B9F0702D-1AC5-4D4A-AA37-0F5514BADFF9}
		{5AE96B7A-B208-4655-89A7-1EB670CD2679} = {B9F0702D-1AC5-4D4A-AA37-0F5514BADFF9}
	EndGlobalSection
	GlobalSection(ExtensibilityGlobals) = postSolution
		SolutionGuid = {804BF014-1E9F-4CFF-A317-5CF9458EA8CF}
	EndGlobalSection
EndGlobal
