
Microsoft Visual Studio Solution File, Format Version 12.00
# Visual Studio Version 17
VisualStudioVersion = 17.6.33815.320
MinimumVisualStudioVersion = 10.0.40219.1
Project("{FAE04EC0-301F-11D3-BF4B-00C04F79EFBC}") = "EventPlanning.API", "EventPlanning.API.csproj", "{CBE49E31-047B-452B-B14D-28561A68596C}"
EndProject
Global
	GlobalSection(SolutionConfigurationPlatforms) = preSolution
		Debug|Any CPU = Debug|Any CPU
		Release|Any CPU = Release|Any CPU
	EndGlobalSection
	GlobalSection(ProjectConfigurationPlatforms) = postSolution
		{CBE49E31-047B-452B-B14D-28561A68596C}.Debug|Any CPU.ActiveCfg = Debug|Any CPU
		{CBE49E31-047B-452B-B14D-28561A68596C}.Debug|Any CPU.Build.0 = Debug|Any CPU
		{CBE49E31-047B-452B-B14D-28561A68596C}.Release|Any CPU.ActiveCfg = Release|Any CPU
		{CBE49E31-047B-452B-B14D-28561A68596C}.Release|Any CPU.Build.0 = Release|Any CPU
	EndGlobalSection
	GlobalSection(SolutionProperties) = preSolution
		HideSolutionNode = FALSE
	EndGlobalSection
	GlobalSection(ExtensibilityGlobals) = postSolution
		SolutionGuid = {804BF014-1E9F-4CFF-A317-5CF9458EA8CF}
	EndGlobalSection
EndGlobal
