
Microsoft Visual Studio Solution File, Format Version 12.00
# Visual Studio Version 17
VisualStudioVersion = 17.5.33424.131
MinimumVisualStudioVersion = 10.0.40219.1
Project("{FAE04EC0-301F-11D3-BF4B-00C04F79EFBC}") = "Writer", "Writer\Writer.csproj", "{1608CA80-716D-40BD-AC81-067E99455183}"
EndProject
Project("{FAE04EC0-301F-11D3-BF4B-00C04F79EFBC}") = "Writer.Domain", "Writer.Domain\Writer.Domain.csproj", "{F20BDF0E-B096-46AF-BEBE-56EE220FF850}"
EndProject
Project("{FAE04EC0-301F-11D3-BF4B-00C04F79EFBC}") = "Writer.Application", "Writer.Application\Writer.Application.csproj", "{7527B799-5495-48B9-85EB-4B8C89FFCAB0}"
EndProject
Project("{9A19103F-16F7-4668-BE54-9A1E7A4F7556}") = "Writer.Infrastructure", "Writer.Infrastructure\Writer.Infrastructure.csproj", "{3B02DE57-66FC-4478-AEC2-C9D1EA5A36CB}"
EndProject
Global
	GlobalSection(SolutionConfigurationPlatforms) = preSolution
		Debug|Any CPU = Debug|Any CPU
		Release|Any CPU = Release|Any CPU
	EndGlobalSection
	GlobalSection(ProjectConfigurationPlatforms) = postSolution
		{1608CA80-716D-40BD-AC81-067E99455183}.Debug|Any CPU.ActiveCfg = Debug|Any CPU
		{1608CA80-716D-40BD-AC81-067E99455183}.Debug|Any CPU.Build.0 = Debug|Any CPU
		{1608CA80-716D-40BD-AC81-067E99455183}.Release|Any CPU.ActiveCfg = Release|Any CPU
		{1608CA80-716D-40BD-AC81-067E99455183}.Release|Any CPU.Build.0 = Release|Any CPU
		{F20BDF0E-B096-46AF-BEBE-56EE220FF850}.Debug|Any CPU.ActiveCfg = Debug|Any CPU
		{F20BDF0E-B096-46AF-BEBE-56EE220FF850}.Debug|Any CPU.Build.0 = Debug|Any CPU
		{F20BDF0E-B096-46AF-BEBE-56EE220FF850}.Release|Any CPU.ActiveCfg = Release|Any CPU
		{F20BDF0E-B096-46AF-BEBE-56EE220FF850}.Release|Any CPU.Build.0 = Release|Any CPU
		{7527B799-5495-48B9-85EB-4B8C89FFCAB0}.Debug|Any CPU.ActiveCfg = Debug|Any CPU
		{7527B799-5495-48B9-85EB-4B8C89FFCAB0}.Debug|Any CPU.Build.0 = Debug|Any CPU
		{7527B799-5495-48B9-85EB-4B8C89FFCAB0}.Release|Any CPU.ActiveCfg = Release|Any CPU
		{7527B799-5495-48B9-85EB-4B8C89FFCAB0}.Release|Any CPU.Build.0 = Release|Any CPU
		{3B02DE57-66FC-4478-AEC2-C9D1EA5A36CB}.Debug|Any CPU.ActiveCfg = Debug|Any CPU
		{3B02DE57-66FC-4478-AEC2-C9D1EA5A36CB}.Debug|Any CPU.Build.0 = Debug|Any CPU
		{3B02DE57-66FC-4478-AEC2-C9D1EA5A36CB}.Release|Any CPU.ActiveCfg = Release|Any CPU
		{3B02DE57-66FC-4478-AEC2-C9D1EA5A36CB}.Release|Any CPU.Build.0 = Release|Any CPU
	EndGlobalSection
	GlobalSection(SolutionProperties) = preSolution
		HideSolutionNode = FALSE
	EndGlobalSection
	GlobalSection(ExtensibilityGlobals) = postSolution
		SolutionGuid = {D7711CA8-B8FC-4ECD-A0E7-CF7497034E40}
	EndGlobalSection
EndGlobal
